
Microsoft Visual Studio Solution File, Format Version 12.00
# Visual Studio Version 17
VisualStudioVersion = 17.4.33213.308
MinimumVisualStudioVersion = 10.0.40219.1
Project("{FAE04EC0-301F-11D3-BF4B-00C04F79EFBC}") = "DscTrReconTool.Importer", "DscTrReconTool.Importer\DscTrReconTool.Importer.csproj", "{5AE97414-B475-4CCA-921E-40EFC2E246E1}"
EndProject
Project("{2150E333-8FDC-42A3-9474-1A3956D46DE8}") = "Tests", "Tests", "{13ABC7D3-7DE0-4C56-91B4-47778893AD83}"
EndProject
Project("{FAE04EC0-301F-11D3-BF4B-00C04F79EFBC}") = "DscTrReconTool.Importer.Test", "DscTrReconTool.Importer.Test\DscTrReconTool.Importer.Test.csproj", "{A8AD1032-B845-4633-BC8E-42386791C442}"
EndProject
Global
	GlobalSection(SolutionConfigurationPlatforms) = preSolution
		Debug|Any CPU = Debug|Any CPU
		Release|Any CPU = Release|Any CPU
	EndGlobalSection
	GlobalSection(ProjectConfigurationPlatforms) = postSolution
		{5AE97414-B475-4CCA-921E-40EFC2E246E1}.Debug|Any CPU.ActiveCfg = Debug|Any CPU
		{5AE97414-B475-4CCA-921E-40EFC2E246E1}.Debug|Any CPU.Build.0 = Debug|Any CPU
		{5AE97414-B475-4CCA-921E-40EFC2E246E1}.Release|Any CPU.ActiveCfg = Release|Any CPU
		{5AE97414-B475-4CCA-921E-40EFC2E246E1}.Release|Any CPU.Build.0 = Release|Any CPU
		{A8AD1032-B845-4633-BC8E-42386791C442}.Debug|Any CPU.ActiveCfg = Debug|Any CPU
		{A8AD1032-B845-4633-BC8E-42386791C442}.Debug|Any CPU.Build.0 = Debug|Any CPU
		{A8AD1032-B845-4633-BC8E-42386791C442}.Release|Any CPU.ActiveCfg = Release|Any CPU
		{A8AD1032-B845-4633-BC8E-42386791C442}.Release|Any CPU.Build.0 = Release|Any CPU
	EndGlobalSection
	GlobalSection(SolutionProperties) = preSolution
		HideSolutionNode = FALSE
	EndGlobalSection
	GlobalSection(NestedProjects) = preSolution
		{A8AD1032-B845-4633-BC8E-42386791C442} = {13ABC7D3-7DE0-4C56-91B4-47778893AD83}
	EndGlobalSection
	GlobalSection(ExtensibilityGlobals) = postSolution
		SolutionGuid = {D8699284-9398-4333-B253-2D12D173C09B}
	EndGlobalSection
EndGlobal
